// !$*UTF8*$!
{
	archiveVersion = 1;
	classes = {
	};
	objectVersion = 55;
	objects = {

/* Begin PBXBuildFile section */
		D0F1639B28A0101200AD3524 /* Utils.cpp in Sources */ = {isa = PBXBuildFile; fileRef = D0F1638F28A0101200AD3524 /* Utils.cpp */; };
		D0F1639C28A0101200AD3524 /* Book.cpp in Sources */ = {isa = PBXBuildFile; fileRef = D0F1639328A0101200AD3524 /* Book.cpp */; };
		D0F1639D28A0101200AD3524 /* Date.cpp in Sources */ = {isa = PBXBuildFile; fileRef = D0F1639628A0101200AD3524 /* Date.cpp */; };
		D0F1639E28A0101200AD3524 /* Publication.cpp in Sources */ = {isa = PBXBuildFile; fileRef = D0F1639728A0101200AD3524 /* Publication.cpp */; };
		D0F1639F28A0101200AD3524 /* LibAppMain.cpp in Sources */ = {isa = PBXBuildFile; fileRef = D0F1639828A0101200AD3524 /* LibAppMain.cpp */; };
		D0F163A028A0101200AD3524 /* Streamable.cpp in Sources */ = {isa = PBXBuildFile; fileRef = D0F1639A28A0101200AD3524 /* Streamable.cpp */; };
		D0F163A328A010D400AD3524 /* PublicationSelector.cpp in Sources */ = {isa = PBXBuildFile; fileRef = D0F163A128A010D400AD3524 /* PublicationSelector.cpp */; };
		D0F163AA28A0128600AD3524 /* LibApp.cpp in Sources */ = {isa = PBXBuildFile; fileRef = D0F163A828A0128600AD3524 /* LibApp.cpp */; };
		D0F163B028A0162A00AD3524 /* Menu.cpp in Sources */ = {isa = PBXBuildFile; fileRef = D0F163AF28A0162A00AD3524 /* Menu.cpp */; };
/* End PBXBuildFile section */

/* Begin PBXCopyFilesBuildPhase section */
		D0F1638328A00F6C00AD3524 /* CopyFiles */ = {
			isa = PBXCopyFilesBuildPhase;
			buildActionMask = 2147483647;
			dstPath = /usr/share/man/man1/;
			dstSubfolderSpec = 0;
			files = (
			);
			runOnlyForDeploymentPostprocessing = 1;
		};
/* End PBXCopyFilesBuildPhase section */

/* Begin PBXFileReference section */
		D0F1638528A00F6C00AD3524 /* ms5 */ = {isa = PBXFileReference; explicitFileType = "compiled.mach-o.executable"; includeInIndex = 0; path = ms5; sourceTree = BUILT_PRODUCTS_DIR; };
		D0F1638F28A0101200AD3524 /* Utils.cpp */ = {isa = PBXFileReference; fileEncoding = 4; lastKnownFileType = sourcecode.cpp.cpp; path = Utils.cpp; sourceTree = "<group>"; };
		D0F1639028A0101200AD3524 /* Utils.h */ = {isa = PBXFileReference; fileEncoding = 4; lastKnownFileType = sourcecode.c.h; path = Utils.h; sourceTree = "<group>"; };
		D0F1639128A0101200AD3524 /* Streamable.h */ = {isa = PBXFileReference; fileEncoding = 4; lastKnownFileType = sourcecode.c.h; path = Streamable.h; sourceTree = "<group>"; };
		D0F1639228A0101200AD3524 /* Date.h */ = {isa = PBXFileReference; fileEncoding = 4; lastKnownFileType = sourcecode.c.h; path = Date.h; sourceTree = "<group>"; };
		D0F1639328A0101200AD3524 /* Book.cpp */ = {isa = PBXFileReference; fileEncoding = 4; lastKnownFileType = sourcecode.cpp.cpp; path = Book.cpp; sourceTree = "<group>"; };
		D0F1639428A0101200AD3524 /* Publication.h */ = {isa = PBXFileReference; fileEncoding = 4; lastKnownFileType = sourcecode.c.h; path = Publication.h; sourceTree = "<group>"; };
		D0F1639528A0101200AD3524 /* Book.h */ = {isa = PBXFileReference; fileEncoding = 4; lastKnownFileType = sourcecode.c.h; path = Book.h; sourceTree = "<group>"; };
		D0F1639628A0101200AD3524 /* Date.cpp */ = {isa = PBXFileReference; fileEncoding = 4; lastKnownFileType = sourcecode.cpp.cpp; path = Date.cpp; sourceTree = "<group>"; };
		D0F1639728A0101200AD3524 /* Publication.cpp */ = {isa = PBXFileReference; fileEncoding = 4; lastKnownFileType = sourcecode.cpp.cpp; path = Publication.cpp; sourceTree = "<group>"; };
		D0F1639828A0101200AD3524 /* LibAppMain.cpp */ = {isa = PBXFileReference; fileEncoding = 4; lastKnownFileType = sourcecode.cpp.cpp; name = LibAppMain.cpp; path = ../../ms4/ms4/ms4/ms4/LibAppMain.cpp; sourceTree = "<group>"; };
		D0F1639928A0101200AD3524 /* Lib.h */ = {isa = PBXFileReference; fileEncoding = 4; lastKnownFileType = sourcecode.c.h; path = Lib.h; sourceTree = "<group>"; };
		D0F1639A28A0101200AD3524 /* Streamable.cpp */ = {isa = PBXFileReference; fileEncoding = 4; lastKnownFileType = sourcecode.cpp.cpp; path = Streamable.cpp; sourceTree = "<group>"; };
		D0F163A128A010D400AD3524 /* PublicationSelector.cpp */ = {isa = PBXFileReference; lastKnownFileType = sourcecode.cpp.cpp; path = PublicationSelector.cpp; sourceTree = "<group>"; };
		D0F163A228A010D400AD3524 /* PublicationSelector.h */ = {isa = PBXFileReference; lastKnownFileType = sourcecode.c.h; path = PublicationSelector.h; sourceTree = "<group>"; };
		D0F163A428A0118B00AD3524 /* LibRecsOriginal.txt */ = {isa = PBXFileReference; fileEncoding = 4; lastKnownFileType = text; path = LibRecsOriginal.txt; sourceTree = "<group>"; };
		D0F163A528A0118B00AD3524 /* LibRecsSmall.txt */ = {isa = PBXFileReference; fileEncoding = 4; lastKnownFileType = text; path = LibRecsSmall.txt; sourceTree = "<group>"; };
		D0F163A628A0118B00AD3524 /* LibRecs.txt */ = {isa = PBXFileReference; fileEncoding = 4; lastKnownFileType = text; path = LibRecs.txt; sourceTree = "<group>"; };
		D0F163A728A0118B00AD3524 /* LibRecsSmallOriginal.txt */ = {isa = PBXFileReference; fileEncoding = 4; lastKnownFileType = text; path = LibRecsSmallOriginal.txt; sourceTree = "<group>"; };
		D0F163A828A0128600AD3524 /* LibApp.cpp */ = {isa = PBXFileReference; lastKnownFileType = sourcecode.cpp.cpp; path = LibApp.cpp; sourceTree = "<group>"; };
		D0F163A928A0128600AD3524 /* LibApp.h */ = {isa = PBXFileReference; lastKnownFileType = sourcecode.c.h; path = LibApp.h; sourceTree = "<group>"; };
		D0F163AE28A0162A00AD3524 /* Menu.h */ = {isa = PBXFileReference; fileEncoding = 4; lastKnownFileType = sourcecode.c.h; path = Menu.h; sourceTree = "<group>"; };
		D0F163AF28A0162A00AD3524 /* Menu.cpp */ = {isa = PBXFileReference; fileEncoding = 4; lastKnownFileType = sourcecode.cpp.cpp; path = Menu.cpp; sourceTree = "<group>"; };
/* End PBXFileReference section */

/* Begin PBXFrameworksBuildPhase section */
		D0F1638228A00F6C00AD3524 /* Frameworks */ = {
			isa = PBXFrameworksBuildPhase;
			buildActionMask = 2147483647;
			files = (
			);
			runOnlyForDeploymentPostprocessing = 0;
		};
/* End PBXFrameworksBuildPhase section */

/* Begin PBXGroup section */
		D0F1637C28A00F6C00AD3524 = {
			isa = PBXGroup;
			children = (
				D0F1638728A00F6C00AD3524 /* ms5 */,
				D0F1638628A00F6C00AD3524 /* Products */,
			);
			sourceTree = "<group>";
		};
		D0F1638628A00F6C00AD3524 /* Products */ = {
			isa = PBXGroup;
			children = (
				D0F1638528A00F6C00AD3524 /* ms5 */,
			);
			name = Products;
			sourceTree = "<group>";
		};
		D0F1638728A00F6C00AD3524 /* ms5 */ = {
			isa = PBXGroup;
			children = (
				D0F163AF28A0162A00AD3524 /* Menu.cpp */,
				D0F163AE28A0162A00AD3524 /* Menu.h */,
				D0F163A628A0118B00AD3524 /* LibRecs.txt */,
				D0F163A428A0118B00AD3524 /* LibRecsOriginal.txt */,
				D0F163A528A0118B00AD3524 /* LibRecsSmall.txt */,
				D0F163A728A0118B00AD3524 /* LibRecsSmallOriginal.txt */,
				D0F1639328A0101200AD3524 /* Book.cpp */,
				D0F1639528A0101200AD3524 /* Book.h */,
				D0F1639628A0101200AD3524 /* Date.cpp */,
				D0F1639228A0101200AD3524 /* Date.h */,
				D0F1639928A0101200AD3524 /* Lib.h */,
				D0F1639828A0101200AD3524 /* LibAppMain.cpp */,
				D0F1639728A0101200AD3524 /* Publication.cpp */,
				D0F1639428A0101200AD3524 /* Publication.h */,
				D0F1639A28A0101200AD3524 /* Streamable.cpp */,
				D0F1639128A0101200AD3524 /* Streamable.h */,
				D0F1638F28A0101200AD3524 /* Utils.cpp */,
				D0F1639028A0101200AD3524 /* Utils.h */,
				D0F163A128A010D400AD3524 /* PublicationSelector.cpp */,
				D0F163A228A010D400AD3524 /* PublicationSelector.h */,
				D0F163A828A0128600AD3524 /* LibApp.cpp */,
				D0F163A928A0128600AD3524 /* LibApp.h */,
			);
			path = ms5;
			sourceTree = "<group>";
		};
/* End PBXGroup section */

/* Begin PBXNativeTarget section */
		D0F1638428A00F6C00AD3524 /* ms5 */ = {
			isa = PBXNativeTarget;
			buildConfigurationList = D0F1638C28A00F6C00AD3524 /* Build configuration list for PBXNativeTarget "ms5" */;
			buildPhases = (
				D0F1638128A00F6C00AD3524 /* Sources */,
				D0F1638228A00F6C00AD3524 /* Frameworks */,
				D0F1638328A00F6C00AD3524 /* CopyFiles */,
			);
			buildRules = (
			);
			dependencies = (
			);
			name = ms5;
			productName = ms5;
			productReference = D0F1638528A00F6C00AD3524 /* ms5 */;
			productType = "com.apple.product-type.tool";
		};
/* End PBXNativeTarget section */

/* Begin PBXProject section */
		D0F1637D28A00F6C00AD3524 /* Project object */ = {
			isa = PBXProject;
			attributes = {
				BuildIndependentTargetsInParallel = 1;
				LastUpgradeCheck = 1340;
				TargetAttributes = {
					D0F1638428A00F6C00AD3524 = {
						CreatedOnToolsVersion = 13.4.1;
					};
				};
			};
			buildConfigurationList = D0F1638028A00F6C00AD3524 /* Build configuration list for PBXProject "ms5" */;
			compatibilityVersion = "Xcode 13.0";
			developmentRegion = en;
			hasScannedForEncodings = 0;
			knownRegions = (
				en,
				Base,
			);
			mainGroup = D0F1637C28A00F6C00AD3524;
			productRefGroup = D0F1638628A00F6C00AD3524 /* Products */;
			projectDirPath = "";
			projectRoot = "";
			targets = (
				D0F1638428A00F6C00AD3524 /* ms5 */,
			);
		};
/* End PBXProject section */

/* Begin PBXSourcesBuildPhase section */
		D0F1638128A00F6C00AD3524 /* Sources */ = {
			isa = PBXSourcesBuildPhase;
			buildActionMask = 2147483647;
			files = (
				D0F1639C28A0101200AD3524 /* Book.cpp in Sources */,
				D0F1639F28A0101200AD3524 /* LibAppMain.cpp in Sources */,
				D0F163A328A010D400AD3524 /* PublicationSelector.cpp in Sources */,
				D0F1639B28A0101200AD3524 /* Utils.cpp in Sources */,
				D0F163B028A0162A00AD3524 /* Menu.cpp in Sources */,
				D0F163A028A0101200AD3524 /* Streamable.cpp in Sources */,
				D0F1639D28A0101200AD3524 /* Date.cpp in Sources */,
				D0F163AA28A0128600AD3524 /* LibApp.cpp in Sources */,
				D0F1639E28A0101200AD3524 /* Publication.cpp in Sources */,
			);
			runOnlyForDeploymentPostprocessing = 0;
		};
/* End PBXSourcesBuildPhase section */

/* Begin XCBuildConfiguration section */
		D0F1638A28A00F6C00AD3524 /* Debug */ = {
			isa = XCBuildConfiguration;
			buildSettings = {
				ALWAYS_SEARCH_USER_PATHS = NO;
				CLANG_ANALYZER_NONNULL = YES;
				CLANG_ANALYZER_NUMBER_OBJECT_CONVERSION = YES_AGGRESSIVE;
				CLANG_CXX_LANGUAGE_STANDARD = "gnu++17";
				CLANG_ENABLE_MODULES = YES;
				CLANG_ENABLE_OBJC_ARC = YES;
				CLANG_ENABLE_OBJC_WEAK = YES;
				CLANG_WARN_BLOCK_CAPTURE_AUTORELEASING = YES;
				CLANG_WARN_BOOL_CONVERSION = YES;
				CLANG_WARN_COMMA = YES;
				CLANG_WARN_CONSTANT_CONVERSION = YES;
				CLANG_WARN_DEPRECATED_OBJC_IMPLEMENTATIONS = YES;
				CLANG_WARN_DIRECT_OBJC_ISA_USAGE = YES_ERROR;
				CLANG_WARN_DOCUMENTATION_COMMENTS = YES;
				CLANG_WARN_EMPTY_BODY = YES;
				CLANG_WARN_ENUM_CONVERSION = YES;
				CLANG_WARN_INFINITE_RECURSION = YES;
				CLANG_WARN_INT_CONVERSION = YES;
				CLANG_WARN_NON_LITERAL_NULL_CONVERSION = YES;
				CLANG_WARN_OBJC_IMPLICIT_RETAIN_SELF = YES;
				CLANG_WARN_OBJC_LITERAL_CONVERSION = YES;
				CLANG_WARN_OBJC_ROOT_CLASS = YES_ERROR;
				CLANG_WARN_QUOTED_INCLUDE_IN_FRAMEWORK_HEADER = YES;
				CLANG_WARN_RANGE_LOOP_ANALYSIS = YES;
				CLANG_WARN_STRICT_PROTOTYPES = YES;
				CLANG_WARN_SUSPICIOUS_MOVE = YES;
				CLANG_WARN_UNGUARDED_AVAILABILITY = YES_AGGRESSIVE;
				CLANG_WARN_UNREACHABLE_CODE = YES;
				CLANG_WARN__DUPLICATE_METHOD_MATCH = YES;
				COPY_PHASE_STRIP = NO;
				DEBUG_INFORMATION_FORMAT = dwarf;
				ENABLE_STRICT_OBJC_MSGSEND = YES;
				ENABLE_TESTABILITY = YES;
				GCC_C_LANGUAGE_STANDARD = gnu11;
				GCC_DYNAMIC_NO_PIC = NO;
				GCC_NO_COMMON_BLOCKS = YES;
				GCC_OPTIMIZATION_LEVEL = 0;
				GCC_PREPROCESSOR_DEFINITIONS = (
					"DEBUG=1",
					"$(inherited)",
				);
				GCC_WARN_64_TO_32_BIT_CONVERSION = YES;
				GCC_WARN_ABOUT_RETURN_TYPE = YES_ERROR;
				GCC_WARN_UNDECLARED_SELECTOR = YES;
				GCC_WARN_UNINITIALIZED_AUTOS = YES_AGGRESSIVE;
				GCC_WARN_UNUSED_FUNCTION = YES;
				GCC_WARN_UNUSED_VARIABLE = YES;
				MACOSX_DEPLOYMENT_TARGET = 12.3;
				MTL_ENABLE_DEBUG_INFO = INCLUDE_SOURCE;
				MTL_FAST_MATH = YES;
				ONLY_ACTIVE_ARCH = YES;
				SDKROOT = macosx;
			};
			name = Debug;
		};
		D0F1638B28A00F6C00AD3524 /* Release */ = {
			isa = XCBuildConfiguration;
			buildSettings = {
				ALWAYS_SEARCH_USER_PATHS = NO;
				CLANG_ANALYZER_NONNULL = YES;
				CLANG_ANALYZER_NUMBER_OBJECT_CONVERSION = YES_AGGRESSIVE;
				CLANG_CXX_LANGUAGE_STANDARD = "gnu++17";
				CLANG_ENABLE_MODULES = YES;
				CLANG_ENABLE_OBJC_ARC = YES;
				CLANG_ENABLE_OBJC_WEAK = YES;
				CLANG_WARN_BLOCK_CAPTURE_AUTORELEASING = YES;
				CLANG_WARN_BOOL_CONVERSION = YES;
				CLANG_WARN_COMMA = YES;
				CLANG_WARN_CONSTANT_CONVERSION = YES;
				CLANG_WARN_DEPRECATED_OBJC_IMPLEMENTATIONS = YES;
				CLANG_WARN_DIRECT_OBJC_ISA_USAGE = YES_ERROR;
				CLANG_WARN_DOCUMENTATION_COMMENTS = YES;
				CLANG_WARN_EMPTY_BODY = YES;
				CLANG_WARN_ENUM_CONVERSION = YES;
				CLANG_WARN_INFINITE_RECURSION = YES;
				CLANG_WARN_INT_CONVERSION = YES;
				CLANG_WARN_NON_LITERAL_NULL_CONVERSION = YES;
				CLANG_WARN_OBJC_IMPLICIT_RETAIN_SELF = YES;
				CLANG_WARN_OBJC_LITERAL_CONVERSION = YES;
				CLANG_WARN_OBJC_ROOT_CLASS = YES_ERROR;
				CLANG_WARN_QUOTED_INCLUDE_IN_FRAMEWORK_HEADER = YES;
				CLANG_WARN_RANGE_LOOP_ANALYSIS = YES;
				CLANG_WARN_STRICT_PROTOTYPES = YES;
				CLANG_WARN_SUSPICIOUS_MOVE = YES;
				CLANG_WARN_UNGUARDED_AVAILABILITY = YES_AGGRESSIVE;
				CLANG_WARN_UNREACHABLE_CODE = YES;
				CLANG_WARN__DUPLICATE_METHOD_MATCH = YES;
				COPY_PHASE_STRIP = NO;
				DEBUG_INFORMATION_FORMAT = "dwarf-with-dsym";
				ENABLE_NS_ASSERTIONS = NO;
				ENABLE_STRICT_OBJC_MSGSEND = YES;
				GCC_C_LANGUAGE_STANDARD = gnu11;
				GCC_NO_COMMON_BLOCKS = YES;
				GCC_WARN_64_TO_32_BIT_CONVERSION = YES;
				GCC_WARN_ABOUT_RETURN_TYPE = YES_ERROR;
				GCC_WARN_UNDECLARED_SELECTOR = YES;
				GCC_WARN_UNINITIALIZED_AUTOS = YES_AGGRESSIVE;
				GCC_WARN_UNUSED_FUNCTION = YES;
				GCC_WARN_UNUSED_VARIABLE = YES;
				MACOSX_DEPLOYMENT_TARGET = 12.3;
				MTL_ENABLE_DEBUG_INFO = NO;
				MTL_FAST_MATH = YES;
				SDKROOT = macosx;
			};
			name = Release;
		};
		D0F1638D28A00F6C00AD3524 /* Debug */ = {
			isa = XCBuildConfiguration;
			buildSettings = {
				CODE_SIGN_STYLE = Automatic;
				PRODUCT_NAME = "$(TARGET_NAME)";
			};
			name = Debug;
		};
		D0F1638E28A00F6C00AD3524 /* Release */ = {
			isa = XCBuildConfiguration;
			buildSettings = {
				CODE_SIGN_STYLE = Automatic;
				PRODUCT_NAME = "$(TARGET_NAME)";
			};
			name = Release;
		};
/* End XCBuildConfiguration section */

/* Begin XCConfigurationList section */
		D0F1638028A00F6C00AD3524 /* Build configuration list for PBXProject "ms5" */ = {
			isa = XCConfigurationList;
			buildConfigurations = (
				D0F1638A28A00F6C00AD3524 /* Debug */,
				D0F1638B28A00F6C00AD3524 /* Release */,
			);
			defaultConfigurationIsVisible = 0;
			defaultConfigurationName = Release;
		};
		D0F1638C28A00F6C00AD3524 /* Build configuration list for PBXNativeTarget "ms5" */ = {
			isa = XCConfigurationList;
			buildConfigurations = (
				D0F1638D28A00F6C00AD3524 /* Debug */,
				D0F1638E28A00F6C00AD3524 /* Release */,
			);
			defaultConfigurationIsVisible = 0;
			defaultConfigurationName = Release;
		};
/* End XCConfigurationList section */
	};
	rootObject = D0F1637D28A00F6C00AD3524 /* Project object */;
}
